
Microsoft Visual Studio Solution File, Format Version 12.00
# Visual Studio 15
VisualStudioVersion = 15.0.27703.2042
MinimumVisualStudioVersion = 10.0.40219.1
Project("{FAE04EC0-301F-11D3-BF4B-00C04F79EFBC}") = "Web_api_2", "Web_api_2\Web_api_2.csproj", "{F20FF429-5C95-44E1-9F40-2C84B4FC0252}"
EndProject
Global
	GlobalSection(SolutionConfigurationPlatforms) = preSolution
		Debug|Any CPU = Debug|Any CPU
		Release|Any CPU = Release|Any CPU
	EndGlobalSection
	GlobalSection(ProjectConfigurationPlatforms) = postSolution
		{F20FF429-5C95-44E1-9F40-2C84B4FC0252}.Debug|Any CPU.ActiveCfg = Debug|Any CPU
		{F20FF429-5C95-44E1-9F40-2C84B4FC0252}.Debug|Any CPU.Build.0 = Debug|Any CPU
		{F20FF429-5C95-44E1-9F40-2C84B4FC0252}.Release|Any CPU.ActiveCfg = Release|Any CPU
		{F20FF429-5C95-44E1-9F40-2C84B4FC0252}.Release|Any CPU.Build.0 = Release|Any CPU
	EndGlobalSection
	GlobalSection(SolutionProperties) = preSolution
		HideSolutionNode = FALSE
	EndGlobalSection
	GlobalSection(ExtensibilityGlobals) = postSolution
		SolutionGuid = {037DFCAB-656E-4901-A604-D689CC49E3AC}
	EndGlobalSection
EndGlobal
